# generated by rye
# use `rye lock` or `rye sync` to update this lockfile
#
# last locked with the following flags:
#   pre: false
#   features: []
#   all-features: false
#   with-sources: false

-e file:.
certifi==2024.2.2
    # via requests
charset-normalizer==3.3.2
    # via requests
contourpy==1.2.0
    # via matplotlib
cycler==0.12.1
    # via matplotlib
filelock==3.13.1
    # via torch
fonttools==4.49.0
    # via matplotlib
fsspec==2024.2.0
    # via torch
idna==3.6
    # via requests
jinja2==3.1.3
    # via torch
kiwisolver==1.4.5
    # via matplotlib
markupsafe==2.1.5
    # via jinja2
matplotlib==3.8.3
    # via torch-mmbot
mpmath==1.3.0
    # via sympy
networkx==3.2.1
    # via torch
numpy==1.26.4
    # via contourpy
    # via matplotlib
    # via pandas
    # via torch-mmbot
    # via torchvision
nvidia-cublas-cu11==11.11.3.6
    # via nvidia-cudnn-cu11
    # via nvidia-cusolver-cu11
    # via torch
nvidia-cuda-cupti-cu11==11.8.87
    # via torch
nvidia-cuda-nvrtc-cu11==11.8.89
    # via torch
nvidia-cuda-runtime-cu11==11.8.89
    # via torch
nvidia-cudnn-cu11==8.7.0.84
    # via torch
nvidia-cufft-cu11==10.9.0.58
    # via torch
nvidia-curand-cu11==10.3.0.86
    # via torch
nvidia-cusolver-cu11==11.4.1.48
    # via torch
nvidia-cusparse-cu11==11.7.5.86
    # via torch
nvidia-nccl-cu11==2.19.3
    # via torch
nvidia-nvtx-cu11==11.8.86
    # via torch
packaging==23.2
    # via matplotlib
pandas==2.2.0
    # via torch-mmbot
pillow==10.2.0
    # via matplotlib
    # via torchvision
pyparsing==3.1.1
    # via matplotlib
python-dateutil==2.8.2
    # via matplotlib
    # via pandas
pytz==2024.1
    # via pandas
requests==2.31.0
    # via torchvision
six==1.16.0
    # via python-dateutil
sympy==1.12
    # via torch
torch==2.2.0+cu118
    # via torch-mmbot
    # via torchaudio
    # via torchvision
torchaudio==2.2.0+cu118
    # via torch-mmbot
torchvision==0.17.0+cu118
    # via torch-mmbot
typing-extensions==4.9.0
    # via torch
tzdata==2024.1
    # via pandas
urllib3==2.2.0
    # via requests
